<?xml version="1.0" encoding="utf-8"?>
<Project ToolsVersion="4.0" xmlns="http://schemas.microsoft.com/developer/msbuild/2003">
  <ItemGroup>
    <Filter Include="Source Files">
      <UniqueIdentifier>{4FC737F1-C7A5-4376-A066-2A32D752A2FF}</UniqueIdentifier>
      <Extensions>cpp;c;cc;cxx;def;odl;idl;hpj;bat;asm;asmx</Extensions>
    </Filter>
    <Filter Include="Header Files">
      <UniqueIdentifier>{93995380-89BD-4b04-88EB-625FBE52EBFB}</UniqueIdentifier>
      <Extensions>h;hh;hpp;hxx;hm;inl;inc;xsd</Extensions>
    </Filter>
    <Filter Include="Resource Files">
      <UniqueIdentifier>{67DA6AB6-F800-4c08-8B7A-83BB121AAD01}</UniqueIdentifier>
      <Extensions>rc;ico;cur;bmp;dlg;rc2;rct;bin;rgs;gif;jpg;jpeg;jpe;resx;tiff;tif;png;wav;mfcribbon-ms</Extensions>
    </Filter>
    <Filter Include="Objects">
      <UniqueIdentifier>{96b55a78-4b6e-4436-8f61-b5d332f0cb9e}</UniqueIdentifier>
    </Filter>
    <Filter Include="Utils">
      <UniqueIdentifier>{0fd79cc2-08e5-4d4b-bfb6-821ffb926adb}</UniqueIdentifier>
    </Filter>
    <Filter Include="Engine">
      <UniqueIdentifier>{90b10926-f81e-4b97-8b2a-4a66387e0488}</UniqueIdentifier>
    </Filter>
    <Filter Include="App">
      <UniqueIdentifier>{236c399f-3577-4435-a1b5-385676190096}</UniqueIdentifier>
    </Filter>
    <Filter Include="Objects\Images">
      <UniqueIdentifier>{53c293e6-c9ae-435d-be9d-0cb4ff005380}</UniqueIdentifier>
    </Filter>
    <Filter Include="Objects\Game Objects">
      <UniqueIdentifier>{e0cfead8-3c6a-491b-8518-698003a96b65}</UniqueIdentifier>
    </Filter>
    <Filter Include="Objects\Game Objects\Sprite">
      <UniqueIdentifier>{7f9ffcb7-282d-444d-bee3-0de0ce7301bd}</UniqueIdentifier>
    </Filter>
    <Filter Include="Objects\Camera">
      <UniqueIdentifier>{a0a718a1-3d24-4ce2-b9df-67bb447263f3}</UniqueIdentifier>
    </Filter>
    <Filter Include="Objects\Collision">
      <UniqueIdentifier>{a17137ef-5802-4168-a68b-67a0c14818fa}</UniqueIdentifier>
    </Filter>
    <Filter Include="Objects\Game Objects\Tile">
      <UniqueIdentifier>{17a319ee-2697-45af-9851-ad10e01d577c}</UniqueIdentifier>
    </Filter>
    <Filter Include="Objects\Map">
      <UniqueIdentifier>{d8dfed9b-60ae-4e49-88f4-96ea8ec34df6}</UniqueIdentifier>
    </Filter>
    <Filter Include="Objects\State Machines">
      <UniqueIdentifier>{c58294ad-9ad3-4a09-907b-6da47e7d6f4a}</UniqueIdentifier>
    </Filter>
    <Filter Include="Objects\State Machines\Player">
      <UniqueIdentifier>{1576b751-f5e8-4d49-bc9e-124dbe9cc51f}</UniqueIdentifier>
    </Filter>
    <Filter Include="Objects\Player">
      <UniqueIdentifier>{feaa4da6-69cb-488d-864e-c50521e8e16e}</UniqueIdentifier>
    </Filter>
    <Filter Include="Objects\Keyboard">
      <UniqueIdentifier>{12f95190-c197-4f0b-9c28-d6a60c8aa0bf}</UniqueIdentifier>
    </Filter>
  </ItemGroup>
  <ItemGroup>
    <ClInclude Include="Drawable.h">
      <Filter>Header Files</Filter>
    </ClInclude>
    <ClInclude Include="CollidableObject.h">
      <Filter>Header Files</Filter>
    </ClInclude>
    <ClInclude Include="Vectors.h">
      <Filter>Utils</Filter>
    </ClInclude>
    <ClInclude Include="rect.h">
      <Filter>Utils</Filter>
    </ClInclude>
    <ClInclude Include="Mouse.h">
      <Filter>Utils</Filter>
    </ClInclude>
    <ClInclude Include="structs.h">
      <Filter>Utils</Filter>
    </ClInclude>
    <ClInclude Include="UtilsD2.h">
      <Filter>Utils</Filter>
    </ClInclude>
    <ClInclude Include="colors.h">
      <Filter>Utils</Filter>
    </ClInclude>
    <ClInclude Include="GrafixD2.h">
      <Filter>Engine</Filter>
    </ClInclude>
    <ClInclude Include="gameMath.h">
      <Filter>Utils</Filter>
    </ClInclude>
    <ClInclude Include="Game.h">
      <Filter>Engine</Filter>
    </ClInclude>
    <ClInclude Include="IceCaves.h">
      <Filter>App</Filter>
    </ClInclude>
    <ClInclude Include="DirectWrite.h">
      <Filter>Engine</Filter>
    </ClInclude>
    <ClInclude Include="Direct3D10.h">
      <Filter>Engine</Filter>
    </ClInclude>
    <ClInclude Include="MatrixMath.h">
      <Filter>Utils</Filter>
    </ClInclude>
    <ClInclude Include="Texture.h">
      <Filter>Objects\Images</Filter>
    </ClInclude>
    <ClInclude Include="Sprite.h">
      <Filter>Objects\Game Objects\Sprite</Filter>
    </ClInclude>
    <ClInclude Include="SpriteSheetImage.h">
      <Filter>Objects\Images</Filter>
    </ClInclude>
    <ClInclude Include="RenderTarget.h">
      <Filter>Header Files</Filter>
    </ClInclude>
    <ClInclude Include="Camera.h">
      <Filter>Objects\Camera</Filter>
    </ClInclude>
    <ClInclude Include="Viewport.h">
      <Filter>Objects\Camera</Filter>
    </ClInclude>
    <ClInclude Include="Collisions.h">
      <Filter>Objects\Collision</Filter>
    </ClInclude>
    <ClInclude Include="Colliadable.h">
      <Filter>Header Files</Filter>
    </ClInclude>
    <ClInclude Include="Cores.h">
      <Filter>Objects\Game Objects</Filter>
    </ClInclude>
    <ClInclude Include="MapTile.h">
      <Filter>Objects\Game Objects\Tile</Filter>
    </ClInclude>
    <ClInclude Include="TileMap.h">
      <Filter>Objects\Map</Filter>
    </ClInclude>
    <ClInclude Include="ImageGrid.h">
      <Filter>Utils</Filter>
    </ClInclude>
    <ClInclude Include="LevelStrings.h">
      <Filter>Objects\Map</Filter>
    </ClInclude>
    <ClInclude Include="Player.h">
      <Filter>Objects\Player</Filter>
    </ClInclude>
    <ClInclude Include="D2D.h">
      <Filter>Engine</Filter>
    </ClInclude>
    <ClInclude Include="PlayerBounce.h">
      <Filter>Objects\State Machines\Player</Filter>
    </ClInclude>
    <ClInclude Include="PlayerControl.h">
      <Filter>Objects\State Machines\Player</Filter>
    </ClInclude>
    <ClInclude Include="PlayerJump.h">
      <Filter>Objects\State Machines\Player</Filter>
    </ClInclude>
    <ClInclude Include="PlayerMove.h">
      <Filter>Objects\State Machines\Player</Filter>
    </ClInclude>
    <ClInclude Include="PlayerStand.h">
      <Filter>Objects\State Machines\Player</Filter>
    </ClInclude>
    <ClInclude Include="ObjectState.h">
      <Filter>Objects\State Machines</Filter>
    </ClInclude>
    <ClInclude Include="Vec2.h">
      <Filter>Utils</Filter>
    </ClInclude>
    <ClInclude Include="keyboardController.h">
      <Filter>Objects\Keyboard</Filter>
    </ClInclude>
  </ItemGroup>
  <ItemGroup>
    <ClCompile Include="Main.cpp">
      <Filter>Source Files</Filter>
    </ClCompile>
    <ClCompile Include="GrafixD2.cpp">
      <Filter>Engine</Filter>
    </ClCompile>
    <ClCompile Include="Game.cpp">
      <Filter>Engine</Filter>
    </ClCompile>
    <ClCompile Include="IceCaves.cpp">
      <Filter>App</Filter>
    </ClCompile>
    <ClCompile Include="DirectWrite.cpp">
      <Filter>Engine</Filter>
    </ClCompile>
    <ClCompile Include="Direct3D10.cpp">
      <Filter>Engine</Filter>
    </ClCompile>
    <ClCompile Include="Texture.cpp">
      <Filter>Objects\Images</Filter>
    </ClCompile>
    <ClCompile Include="Sprite.cpp">
      <Filter>Objects\Game Objects\Sprite</Filter>
    </ClCompile>
    <ClCompile Include="SpriteSheetImage.cpp">
      <Filter>Objects\Images</Filter>
    </ClCompile>
    <ClCompile Include="Collisions.cpp">
      <Filter>Objects\Collision</Filter>
    </ClCompile>
    <ClCompile Include="MapTile.cpp">
      <Filter>Objects\Game Objects\Tile</Filter>
    </ClCompile>
    <ClCompile Include="TileMap.cpp">
      <Filter>Objects\Map</Filter>
    </ClCompile>
    <ClCompile Include="Player.cpp">
      <Filter>Objects\Player</Filter>
    </ClCompile>
    <ClCompile Include="D2D.cpp">
      <Filter>Engine</Filter>
    </ClCompile>
    <ClCompile Include="PlayerBounce.cpp">
      <Filter>Objects\State Machines\Player</Filter>
    </ClCompile>
    <ClCompile Include="PlayerJump.cpp">
      <Filter>Objects\State Machines\Player</Filter>
    </ClCompile>
    <ClCompile Include="PlayerMove.cpp">
      <Filter>Objects\State Machines\Player</Filter>
    </ClCompile>
    <ClCompile Include="PlayerStand.cpp">
      <Filter>Objects\State Machines\Player</Filter>
    </ClCompile>
    <ClCompile Include="keyboardcontroller.cpp">
      <Filter>Objects\Keyboard</Filter>
    </ClCompile>
  </ItemGroup>
</Project>